
Microsoft Visual Studio Solution File, Format Version 12.00
# Visual Studio Version 16
VisualStudioVersion = 16.0.31112.23
MinimumVisualStudioVersion = 10.0.40219.1
Project("{8BC9CEB8-8B4A-11D0-8D11-00A0C91BC942}") = "C++_Pokemon_battle", "C++_Pokemon_battle\C++_Pokemon_battle.vcxproj", "{2100E1FF-A5EB-4909-8BC8-713680EEAFB3}"
EndProject
Global
	GlobalSection(SolutionConfigurationPlatforms) = preSolution
		Debug|x64 = Debug|x64
		Debug|x86 = Debug|x86
		Release|x64 = Release|x64
		Release|x86 = Release|x86
	EndGlobalSection
	GlobalSection(ProjectConfigurationPlatforms) = postSolution
		{2100E1FF-A5EB-4909-8BC8-713680EEAFB3}.Debug|x64.ActiveCfg = Debug|x64
		{2100E1FF-A5EB-4909-8BC8-713680EEAFB3}.Debug|x64.Build.0 = Debug|x64
		{2100E1FF-A5EB-4909-8BC8-713680EEAFB3}.Debug|x86.ActiveCfg = Debug|Win32
		{2100E1FF-A5EB-4909-8BC8-713680EEAFB3}.Debug|x86.Build.0 = Debug|Win32
		{2100E1FF-A5EB-4909-8BC8-713680EEAFB3}.Release|x64.ActiveCfg = Release|x64
		{2100E1FF-A5EB-4909-8BC8-713680EEAFB3}.Release|x64.Build.0 = Release|x64
		{2100E1FF-A5EB-4909-8BC8-713680EEAFB3}.Release|x86.ActiveCfg = Release|Win32
		{2100E1FF-A5EB-4909-8BC8-713680EEAFB3}.Release|x86.Build.0 = Release|Win32
	EndGlobalSection
	GlobalSection(SolutionProperties) = preSolution
		HideSolutionNode = FALSE
	EndGlobalSection
	GlobalSection(ExtensibilityGlobals) = postSolution
		SolutionGuid = {243C207E-543F-495D-953D-058B382301BD}
	EndGlobalSection
EndGlobal
